// !$*UTF8*$!
{
	archiveVersion = 1;
	classes = {
	};
	objectVersion = 55;
	objects = {

/* Begin PBXBuildFile section */
		FA7E121E27E2E8E900E2D94C /* LaunchScreen.storyboard in Resources */ = {isa = PBXBuildFile; fileRef = FA7E121D27E2E8E900E2D94C /* LaunchScreen.storyboard */; };
		FA7E122027E4311F00E2D94C /* bigHomeCell.swift in Sources */ = {isa = PBXBuildFile; fileRef = FA7E121F27E4311F00E2D94C /* bigHomeCell.swift */; };
		FA7E122627E436C100E2D94C /* View + Ext.swift in Sources */ = {isa = PBXBuildFile; fileRef = FA7E122527E436C100E2D94C /* View + Ext.swift */; };
		FA7E122E27E494C200E2D94C /* CollectionViewCell.swift in Sources */ = {isa = PBXBuildFile; fileRef = FA7E122D27E494C200E2D94C /* CollectionViewCell.swift */; };
		FA7E123027E7FB0500E2D94C /* CustomButton.swift in Sources */ = {isa = PBXBuildFile; fileRef = FA7E122F27E7FB0500E2D94C /* CustomButton.swift */; };
		FA7E123227E8069000E2D94C /* UICollectionViewLayout.swift in Sources */ = {isa = PBXBuildFile; fileRef = FA7E123127E8069000E2D94C /* UICollectionViewLayout.swift */; };
		FA7E123527E81EDC00E2D94C /* BookMarkEmptyState.swift in Sources */ = {isa = PBXBuildFile; fileRef = FA7E123427E81EDC00E2D94C /* BookMarkEmptyState.swift */; };
		FA7E123A27E8405000E2D94C /* SearchVC.swift in Sources */ = {isa = PBXBuildFile; fileRef = FA7E123927E8405000E2D94C /* SearchVC.swift */; };
		FA7E123C27E845C300E2D94C /* CategoriesVC.swift in Sources */ = {isa = PBXBuildFile; fileRef = FA7E123B27E845C300E2D94C /* CategoriesVC.swift */; };
		FA7E123E27E847F300E2D94C /* SettingsVC.swift in Sources */ = {isa = PBXBuildFile; fileRef = FA7E123D27E847F300E2D94C /* SettingsVC.swift */; };
		FA7E124327E9283800E2D94C /* Articles.swift in Sources */ = {isa = PBXBuildFile; fileRef = FA7E124227E9283800E2D94C /* Articles.swift */; };
		FA7E124527E92D3A00E2D94C /* NewsManager.swift in Sources */ = {isa = PBXBuildFile; fileRef = FA7E124427E92D3A00E2D94C /* NewsManager.swift */; };
		FA7E124727E92E3400E2D94C /* NewsErrors.swift in Sources */ = {isa = PBXBuildFile; fileRef = FA7E124627E92E3400E2D94C /* NewsErrors.swift */; };
		FA7E124927E96C2B00E2D94C /* CustomImageView.swift in Sources */ = {isa = PBXBuildFile; fileRef = FA7E124827E96C2B00E2D94C /* CustomImageView.swift */; };
		FA7E124B27E96E1700E2D94C /* Constants.swift in Sources */ = {isa = PBXBuildFile; fileRef = FA7E124A27E96E1700E2D94C /* Constants.swift */; };
		FA7E124D27EA7B4600E2D94C /* TrendingCategoryVC.swift in Sources */ = {isa = PBXBuildFile; fileRef = FA7E124C27EA7B4600E2D94C /* TrendingCategoryVC.swift */; };
		FA7E125027EA9E3700E2D94C /* TrendingView.swift in Sources */ = {isa = PBXBuildFile; fileRef = FA7E124F27EA9E3700E2D94C /* TrendingView.swift */; };
		FAA470E127E298AE0039DC52 /* AppDelegate.swift in Sources */ = {isa = PBXBuildFile; fileRef = FAA470E027E298AE0039DC52 /* AppDelegate.swift */; };
		FAA470E327E298AE0039DC52 /* SceneDelegate.swift in Sources */ = {isa = PBXBuildFile; fileRef = FAA470E227E298AE0039DC52 /* SceneDelegate.swift */; };
		FAA470E527E298AE0039DC52 /* HomeVC.swift in Sources */ = {isa = PBXBuildFile; fileRef = FAA470E427E298AE0039DC52 /* HomeVC.swift */; };
		FAA470EA27E298AF0039DC52 /* Assets.xcassets in Resources */ = {isa = PBXBuildFile; fileRef = FAA470E927E298AF0039DC52 /* Assets.xcassets */; };
		FAA470F827E298AF0039DC52 /* AussieNewsTests.swift in Sources */ = {isa = PBXBuildFile; fileRef = FAA470F727E298AF0039DC52 /* AussieNewsTests.swift */; };
		FAA4710227E298AF0039DC52 /* AussieNewsUITests.swift in Sources */ = {isa = PBXBuildFile; fileRef = FAA4710127E298AF0039DC52 /* AussieNewsUITests.swift */; };
		FAA4710427E298AF0039DC52 /* AussieNewsUITestsLaunchTests.swift in Sources */ = {isa = PBXBuildFile; fileRef = FAA4710327E298AF0039DC52 /* AussieNewsUITestsLaunchTests.swift */; };
		FAA4711127E2A11B0039DC52 /* TabBarController.swift in Sources */ = {isa = PBXBuildFile; fileRef = FAA4711027E2A11B0039DC52 /* TabBarController.swift */; };
		FAA4711327E2DAB70039DC52 /* SavedVC.swift in Sources */ = {isa = PBXBuildFile; fileRef = FAA4711227E2DAB60039DC52 /* SavedVC.swift */; };
		FAAE9B4327F2725E00918996 /* smallHomeCell.swift in Sources */ = {isa = PBXBuildFile; fileRef = FAAE9B4227F2725E00918996 /* smallHomeCell.swift */; };
		FAAE9B4527F2987100918996 /* SafariProtocol.swift in Sources */ = {isa = PBXBuildFile; fileRef = FAAE9B4427F2987000918996 /* SafariProtocol.swift */; };
		FAAE9B4A27F2AD6800918996 /* LoadingPageView.swift in Sources */ = {isa = PBXBuildFile; fileRef = FAAE9B4927F2AD6800918996 /* LoadingPageView.swift */; };
		FAAE9B4D27F2B83200918996 /* CustomViewController.swift in Sources */ = {isa = PBXBuildFile; fileRef = FAAE9B4C27F2B83200918996 /* CustomViewController.swift */; };
		FAAE9B5127F2C83C00918996 /* TopicVC.swift in Sources */ = {isa = PBXBuildFile; fileRef = FAAE9B5027F2C83C00918996 /* TopicVC.swift */; };
		FAAE9B5327FBE1B400918996 /* SettingsSocialCell.swift in Sources */ = {isa = PBXBuildFile; fileRef = FAAE9B5227FBE1B400918996 /* SettingsSocialCell.swift */; };
		FAAE9B5527FBF58A00918996 /* SettingsSegmentCell.swift in Sources */ = {isa = PBXBuildFile; fileRef = FAAE9B5427FBF58A00918996 /* SettingsSegmentCell.swift */; };
		FAAE9B5727FBF5D000918996 /* SettingsTintCell.swift in Sources */ = {isa = PBXBuildFile; fileRef = FAAE9B5627FBF5D000918996 /* SettingsTintCell.swift */; };
		FAAE9B5927FBF5E400918996 /* SettingsFooterView.swift in Sources */ = {isa = PBXBuildFile; fileRef = FAAE9B5827FBF5E400918996 /* SettingsFooterView.swift */; };
		FACE42B127EBF1090057772F /* TrendingButtonView.swift in Sources */ = {isa = PBXBuildFile; fileRef = FACE42B027EBF1090057772F /* TrendingButtonView.swift */; };
		FACE42B327EC276E0057772F /* UserDefaultsFuncs.swift in Sources */ = {isa = PBXBuildFile; fileRef = FACE42B227EC276E0057772F /* UserDefaultsFuncs.swift */; };
		FACE42B527ED50D50057772F /* CustomLabel.swift in Sources */ = {isa = PBXBuildFile; fileRef = FACE42B427ED50D50057772F /* CustomLabel.swift */; };
		FACE42B727F165C50057772F /* UIViewController + Ext.swift in Sources */ = {isa = PBXBuildFile; fileRef = FACE42B627F165C50057772F /* UIViewController + Ext.swift */; };
/* End PBXBuildFile section */

/* Begin PBXContainerItemProxy section */
		FAA470F427E298AF0039DC52 /* PBXContainerItemProxy */ = {
			isa = PBXContainerItemProxy;
			containerPortal = FAA470D527E298AE0039DC52 /* Project object */;
			proxyType = 1;
			remoteGlobalIDString = FAA470DC27E298AE0039DC52;
			remoteInfo = AussieNews;
		};
		FAA470FE27E298AF0039DC52 /* PBXContainerItemProxy */ = {
			isa = PBXContainerItemProxy;
			containerPortal = FAA470D527E298AE0039DC52 /* Project object */;
			proxyType = 1;
			remoteGlobalIDString = FAA470DC27E298AE0039DC52;
			remoteInfo = AussieNews;
		};
/* End PBXContainerItemProxy section */

/* Begin PBXFileReference section */
		FA7E121D27E2E8E900E2D94C /* LaunchScreen.storyboard */ = {isa = PBXFileReference; fileEncoding = 4; lastKnownFileType = file.storyboard; name = LaunchScreen.storyboard; path = "../../../../../Library/Mobile Documents/com~apple~CloudDocs/.Trash/LaunchScreen.storyboard"; sourceTree = "<group>"; };
		FA7E121F27E4311F00E2D94C /* bigHomeCell.swift */ = {isa = PBXFileReference; lastKnownFileType = sourcecode.swift; path = bigHomeCell.swift; sourceTree = "<group>"; };
		FA7E122527E436C100E2D94C /* View + Ext.swift */ = {isa = PBXFileReference; lastKnownFileType = sourcecode.swift; path = "View + Ext.swift"; sourceTree = "<group>"; };
		FA7E122D27E494C200E2D94C /* CollectionViewCell.swift */ = {isa = PBXFileReference; lastKnownFileType = sourcecode.swift; path = CollectionViewCell.swift; sourceTree = "<group>"; };
		FA7E122F27E7FB0500E2D94C /* CustomButton.swift */ = {isa = PBXFileReference; lastKnownFileType = sourcecode.swift; path = CustomButton.swift; sourceTree = "<group>"; };
		FA7E123127E8069000E2D94C /* UICollectionViewLayout.swift */ = {isa = PBXFileReference; lastKnownFileType = sourcecode.swift; path = UICollectionViewLayout.swift; sourceTree = "<group>"; };
		FA7E123427E81EDC00E2D94C /* BookMarkEmptyState.swift */ = {isa = PBXFileReference; lastKnownFileType = sourcecode.swift; path = BookMarkEmptyState.swift; sourceTree = "<group>"; };
		FA7E123927E8405000E2D94C /* SearchVC.swift */ = {isa = PBXFileReference; lastKnownFileType = sourcecode.swift; path = SearchVC.swift; sourceTree = "<group>"; };
		FA7E123B27E845C300E2D94C /* CategoriesVC.swift */ = {isa = PBXFileReference; lastKnownFileType = sourcecode.swift; path = CategoriesVC.swift; sourceTree = "<group>"; };
		FA7E123D27E847F300E2D94C /* SettingsVC.swift */ = {isa = PBXFileReference; lastKnownFileType = sourcecode.swift; path = SettingsVC.swift; sourceTree = "<group>"; };
		FA7E124227E9283800E2D94C /* Articles.swift */ = {isa = PBXFileReference; lastKnownFileType = sourcecode.swift; path = Articles.swift; sourceTree = "<group>"; };
		FA7E124427E92D3A00E2D94C /* NewsManager.swift */ = {isa = PBXFileReference; lastKnownFileType = sourcecode.swift; path = NewsManager.swift; sourceTree = "<group>"; };
		FA7E124627E92E3400E2D94C /* NewsErrors.swift */ = {isa = PBXFileReference; lastKnownFileType = sourcecode.swift; path = NewsErrors.swift; sourceTree = "<group>"; };
		FA7E124827E96C2B00E2D94C /* CustomImageView.swift */ = {isa = PBXFileReference; lastKnownFileType = sourcecode.swift; path = CustomImageView.swift; sourceTree = "<group>"; };
		FA7E124A27E96E1700E2D94C /* Constants.swift */ = {isa = PBXFileReference; lastKnownFileType = sourcecode.swift; path = Constants.swift; sourceTree = "<group>"; };
		FA7E124C27EA7B4600E2D94C /* TrendingCategoryVC.swift */ = {isa = PBXFileReference; lastKnownFileType = sourcecode.swift; path = TrendingCategoryVC.swift; sourceTree = "<group>"; };
		FA7E124F27EA9E3700E2D94C /* TrendingView.swift */ = {isa = PBXFileReference; lastKnownFileType = sourcecode.swift; path = TrendingView.swift; sourceTree = "<group>"; };
		FAA470DD27E298AE0039DC52 /* AussieNews.app */ = {isa = PBXFileReference; explicitFileType = wrapper.application; includeInIndex = 0; path = AussieNews.app; sourceTree = BUILT_PRODUCTS_DIR; };
		FAA470E027E298AE0039DC52 /* AppDelegate.swift */ = {isa = PBXFileReference; lastKnownFileType = sourcecode.swift; path = AppDelegate.swift; sourceTree = "<group>"; };
		FAA470E227E298AE0039DC52 /* SceneDelegate.swift */ = {isa = PBXFileReference; lastKnownFileType = sourcecode.swift; path = SceneDelegate.swift; sourceTree = "<group>"; };
		FAA470E427E298AE0039DC52 /* HomeVC.swift */ = {isa = PBXFileReference; lastKnownFileType = sourcecode.swift; path = HomeVC.swift; sourceTree = "<group>"; };
		FAA470E927E298AF0039DC52 /* Assets.xcassets */ = {isa = PBXFileReference; lastKnownFileType = folder.assetcatalog; path = Assets.xcassets; sourceTree = "<group>"; };
		FAA470EE27E298AF0039DC52 /* Info.plist */ = {isa = PBXFileReference; lastKnownFileType = text.plist.xml; path = Info.plist; sourceTree = "<group>"; };
		FAA470F327E298AF0039DC52 /* AussieNewsTests.xctest */ = {isa = PBXFileReference; explicitFileType = wrapper.cfbundle; includeInIndex = 0; path = AussieNewsTests.xctest; sourceTree = BUILT_PRODUCTS_DIR; };
		FAA470F727E298AF0039DC52 /* AussieNewsTests.swift */ = {isa = PBXFileReference; lastKnownFileType = sourcecode.swift; path = AussieNewsTests.swift; sourceTree = "<group>"; };
		FAA470FD27E298AF0039DC52 /* AussieNewsUITests.xctest */ = {isa = PBXFileReference; explicitFileType = wrapper.cfbundle; includeInIndex = 0; path = AussieNewsUITests.xctest; sourceTree = BUILT_PRODUCTS_DIR; };
		FAA4710127E298AF0039DC52 /* AussieNewsUITests.swift */ = {isa = PBXFileReference; lastKnownFileType = sourcecode.swift; path = AussieNewsUITests.swift; sourceTree = "<group>"; };
		FAA4710327E298AF0039DC52 /* AussieNewsUITestsLaunchTests.swift */ = {isa = PBXFileReference; lastKnownFileType = sourcecode.swift; path = AussieNewsUITestsLaunchTests.swift; sourceTree = "<group>"; };
		FAA4711027E2A11B0039DC52 /* TabBarController.swift */ = {isa = PBXFileReference; lastKnownFileType = sourcecode.swift; path = TabBarController.swift; sourceTree = "<group>"; };
		FAA4711227E2DAB60039DC52 /* SavedVC.swift */ = {isa = PBXFileReference; lastKnownFileType = sourcecode.swift; path = SavedVC.swift; sourceTree = "<group>"; };
		FAAE9B4227F2725E00918996 /* smallHomeCell.swift */ = {isa = PBXFileReference; lastKnownFileType = sourcecode.swift; path = smallHomeCell.swift; sourceTree = "<group>"; };
		FAAE9B4427F2987000918996 /* SafariProtocol.swift */ = {isa = PBXFileReference; lastKnownFileType = sourcecode.swift; path = SafariProtocol.swift; sourceTree = "<group>"; };
		FAAE9B4927F2AD6800918996 /* LoadingPageView.swift */ = {isa = PBXFileReference; lastKnownFileType = sourcecode.swift; path = LoadingPageView.swift; sourceTree = "<group>"; };
		FAAE9B4C27F2B83200918996 /* CustomViewController.swift */ = {isa = PBXFileReference; lastKnownFileType = sourcecode.swift; path = CustomViewController.swift; sourceTree = "<group>"; };
		FAAE9B5027F2C83C00918996 /* TopicVC.swift */ = {isa = PBXFileReference; lastKnownFileType = sourcecode.swift; path = TopicVC.swift; sourceTree = "<group>"; };
		FAAE9B5227FBE1B400918996 /* SettingsSocialCell.swift */ = {isa = PBXFileReference; lastKnownFileType = sourcecode.swift; path = SettingsSocialCell.swift; sourceTree = "<group>"; };
		FAAE9B5427FBF58A00918996 /* SettingsSegmentCell.swift */ = {isa = PBXFileReference; lastKnownFileType = sourcecode.swift; path = SettingsSegmentCell.swift; sourceTree = "<group>"; };
		FAAE9B5627FBF5D000918996 /* SettingsTintCell.swift */ = {isa = PBXFileReference; lastKnownFileType = sourcecode.swift; path = SettingsTintCell.swift; sourceTree = "<group>"; };
		FAAE9B5827FBF5E400918996 /* SettingsFooterView.swift */ = {isa = PBXFileReference; lastKnownFileType = sourcecode.swift; path = SettingsFooterView.swift; sourceTree = "<group>"; };
		FACE42B027EBF1090057772F /* TrendingButtonView.swift */ = {isa = PBXFileReference; lastKnownFileType = sourcecode.swift; path = TrendingButtonView.swift; sourceTree = "<group>"; };
		FACE42B227EC276E0057772F /* UserDefaultsFuncs.swift */ = {isa = PBXFileReference; lastKnownFileType = sourcecode.swift; path = UserDefaultsFuncs.swift; sourceTree = "<group>"; };
		FACE42B427ED50D50057772F /* CustomLabel.swift */ = {isa = PBXFileReference; lastKnownFileType = sourcecode.swift; path = CustomLabel.swift; sourceTree = "<group>"; };
		FACE42B627F165C50057772F /* UIViewController + Ext.swift */ = {isa = PBXFileReference; lastKnownFileType = sourcecode.swift; path = "UIViewController + Ext.swift"; sourceTree = "<group>"; };
/* End PBXFileReference section */

/* Begin PBXFrameworksBuildPhase section */
		FAA470DA27E298AE0039DC52 /* Frameworks */ = {
			isa = PBXFrameworksBuildPhase;
			buildActionMask = 2147483647;
			files = (
			);
			runOnlyForDeploymentPostprocessing = 0;
		};
		FAA470F027E298AF0039DC52 /* Frameworks */ = {
			isa = PBXFrameworksBuildPhase;
			buildActionMask = 2147483647;
			files = (
			);
			runOnlyForDeploymentPostprocessing = 0;
		};
		FAA470FA27E298AF0039DC52 /* Frameworks */ = {
			isa = PBXFrameworksBuildPhase;
			buildActionMask = 2147483647;
			files = (
			);
			runOnlyForDeploymentPostprocessing = 0;
		};
/* End PBXFrameworksBuildPhase section */

/* Begin PBXGroup section */
		FA09528127EAC6B300E22638 /* TabBarController */ = {
			isa = PBXGroup;
			children = (
				FAA4711027E2A11B0039DC52 /* TabBarController.swift */,
			);
			path = TabBarController;
			sourceTree = "<group>";
		};
		FA7E122127E4343600E2D94C /* Utilities */ = {
			isa = PBXGroup;
			children = (
				FACE42B427ED50D50057772F /* CustomLabel.swift */,
				FA7E122F27E7FB0500E2D94C /* CustomButton.swift */,
				FA7E123127E8069000E2D94C /* UICollectionViewLayout.swift */,
				FA7E124627E92E3400E2D94C /* NewsErrors.swift */,
				FA7E124827E96C2B00E2D94C /* CustomImageView.swift */,
				FA7E124A27E96E1700E2D94C /* Constants.swift */,
			);
			path = Utilities;
			sourceTree = "<group>";
		};
		FA7E122427E436AF00E2D94C /* Extensions */ = {
			isa = PBXGroup;
			children = (
				FA7E122527E436C100E2D94C /* View + Ext.swift */,
				FACE42B627F165C50057772F /* UIViewController + Ext.swift */,
			);
			path = Extensions;
			sourceTree = "<group>";
		};
		FA7E122C27E43DE300E2D94C /* Cells */ = {
			isa = PBXGroup;
			children = (
				FA7E121F27E4311F00E2D94C /* bigHomeCell.swift */,
				FAAE9B4227F2725E00918996 /* smallHomeCell.swift */,
				FA7E122D27E494C200E2D94C /* CollectionViewCell.swift */,
				FAAE9B5227FBE1B400918996 /* SettingsSocialCell.swift */,
				FAAE9B5627FBF5D000918996 /* SettingsTintCell.swift */,
				FAAE9B5427FBF58A00918996 /* SettingsSegmentCell.swift */,
			);
			path = Cells;
			sourceTree = "<group>";
		};
		FA7E123327E81EC400E2D94C /* Views */ = {
			isa = PBXGroup;
			children = (
				FA7E123427E81EDC00E2D94C /* BookMarkEmptyState.swift */,
				FA7E124F27EA9E3700E2D94C /* TrendingView.swift */,
				FAAE9B4927F2AD6800918996 /* LoadingPageView.swift */,
				FACE42B027EBF1090057772F /* TrendingButtonView.swift */,
				FAAE9B5827FBF5E400918996 /* SettingsFooterView.swift */,
			);
			path = Views;
			sourceTree = "<group>";
		};
		FA7E123827E83ABA00E2D94C /* View Controllers */ = {
			isa = PBXGroup;
			children = (
				FAAE9B4B27F2B81A00918996 /* CustomVCs */,
				FAA470E427E298AE0039DC52 /* HomeVC.swift */,
				FA7E124C27EA7B4600E2D94C /* TrendingCategoryVC.swift */,
				FA7E123927E8405000E2D94C /* SearchVC.swift */,
				FA7E123B27E845C300E2D94C /* CategoriesVC.swift */,
				FAA4711227E2DAB60039DC52 /* SavedVC.swift */,
				FA7E123D27E847F300E2D94C /* SettingsVC.swift */,
				FAAE9B5027F2C83C00918996 /* TopicVC.swift */,
			);
			path = "View Controllers";
			sourceTree = "<group>";
		};
		FA7E124127E88A6100E2D94C /* Model */ = {
			isa = PBXGroup;
			children = (
				FA7E124227E9283800E2D94C /* Articles.swift */,
				FA7E124427E92D3A00E2D94C /* NewsManager.swift */,
				FACE42B227EC276E0057772F /* UserDefaultsFuncs.swift */,
			);
			path = Model;
			sourceTree = "<group>";
		};
		FAA470D427E298AE0039DC52 = {
			isa = PBXGroup;
			children = (
				FAA470DF27E298AE0039DC52 /* AussieNews */,
				FAA470F627E298AF0039DC52 /* AussieNewsTests */,
				FAA4710027E298AF0039DC52 /* AussieNewsUITests */,
				FAA470DE27E298AE0039DC52 /* Products */,
			);
			sourceTree = "<group>";
		};
		FAA470DE27E298AE0039DC52 /* Products */ = {
			isa = PBXGroup;
			children = (
				FAA470DD27E298AE0039DC52 /* AussieNews.app */,
				FAA470F327E298AF0039DC52 /* AussieNewsTests.xctest */,
				FAA470FD27E298AF0039DC52 /* AussieNewsUITests.xctest */,
			);
			name = Products;
			sourceTree = "<group>";
		};
		FAA470DF27E298AE0039DC52 /* AussieNews */ = {
			isa = PBXGroup;
			children = (
				FAAE9B4627F29B1000918996 /* Protocols */,
				FA09528127EAC6B300E22638 /* TabBarController */,
				FA7E124127E88A6100E2D94C /* Model */,
				FA7E123827E83ABA00E2D94C /* View Controllers */,
				FA7E123327E81EC400E2D94C /* Views */,
				FA7E122C27E43DE300E2D94C /* Cells */,
				FA7E122427E436AF00E2D94C /* Extensions */,
				FA7E122127E4343600E2D94C /* Utilities */,
				FAA470E027E298AE0039DC52 /* AppDelegate.swift */,
				FAA470E227E298AE0039DC52 /* SceneDelegate.swift */,
				FAA470E927E298AF0039DC52 /* Assets.xcassets */,
				FA7E121D27E2E8E900E2D94C /* LaunchScreen.storyboard */,
				FAA470EE27E298AF0039DC52 /* Info.plist */,
			);
			path = AussieNews;
			sourceTree = "<group>";
		};
		FAA470F627E298AF0039DC52 /* AussieNewsTests */ = {
			isa = PBXGroup;
			children = (
				FAA470F727E298AF0039DC52 /* AussieNewsTests.swift */,
			);
			path = AussieNewsTests;
			sourceTree = "<group>";
		};
		FAA4710027E298AF0039DC52 /* AussieNewsUITests */ = {
			isa = PBXGroup;
			children = (
				FAA4710127E298AF0039DC52 /* AussieNewsUITests.swift */,
				FAA4710327E298AF0039DC52 /* AussieNewsUITestsLaunchTests.swift */,
			);
			path = AussieNewsUITests;
			sourceTree = "<group>";
		};
		FAAE9B4627F29B1000918996 /* Protocols */ = {
			isa = PBXGroup;
			children = (
				FAAE9B4427F2987000918996 /* SafariProtocol.swift */,
			);
			path = Protocols;
			sourceTree = "<group>";
		};
		FAAE9B4B27F2B81A00918996 /* CustomVCs */ = {
			isa = PBXGroup;
			children = (
				FAAE9B4C27F2B83200918996 /* CustomViewController.swift */,
			);
			path = CustomVCs;
			sourceTree = "<group>";
		};
/* End PBXGroup section */

/* Begin PBXNativeTarget section */
		FAA470DC27E298AE0039DC52 /* AussieNews */ = {
			isa = PBXNativeTarget;
			buildConfigurationList = FAA4710727E298AF0039DC52 /* Build configuration list for PBXNativeTarget "AussieNews" */;
			buildPhases = (
				FAA470D927E298AE0039DC52 /* Sources */,
				FAA470DA27E298AE0039DC52 /* Frameworks */,
				FAA470DB27E298AE0039DC52 /* Resources */,
			);
			buildRules = (
			);
			dependencies = (
			);
			name = AussieNews;
			productName = AussieNews;
			productReference = FAA470DD27E298AE0039DC52 /* AussieNews.app */;
			productType = "com.apple.product-type.application";
		};
		FAA470F227E298AF0039DC52 /* AussieNewsTests */ = {
			isa = PBXNativeTarget;
			buildConfigurationList = FAA4710A27E298AF0039DC52 /* Build configuration list for PBXNativeTarget "AussieNewsTests" */;
			buildPhases = (
				FAA470EF27E298AF0039DC52 /* Sources */,
				FAA470F027E298AF0039DC52 /* Frameworks */,
				FAA470F127E298AF0039DC52 /* Resources */,
			);
			buildRules = (
			);
			dependencies = (
				FAA470F527E298AF0039DC52 /* PBXTargetDependency */,
			);
			name = AussieNewsTests;
			productName = AussieNewsTests;
			productReference = FAA470F327E298AF0039DC52 /* AussieNewsTests.xctest */;
			productType = "com.apple.product-type.bundle.unit-test";
		};
		FAA470FC27E298AF0039DC52 /* AussieNewsUITests */ = {
			isa = PBXNativeTarget;
			buildConfigurationList = FAA4710D27E298AF0039DC52 /* Build configuration list for PBXNativeTarget "AussieNewsUITests" */;
			buildPhases = (
				FAA470F927E298AF0039DC52 /* Sources */,
				FAA470FA27E298AF0039DC52 /* Frameworks */,
				FAA470FB27E298AF0039DC52 /* Resources */,
			);
			buildRules = (
			);
			dependencies = (
				FAA470FF27E298AF0039DC52 /* PBXTargetDependency */,
			);
			name = AussieNewsUITests;
			productName = AussieNewsUITests;
			productReference = FAA470FD27E298AF0039DC52 /* AussieNewsUITests.xctest */;
			productType = "com.apple.product-type.bundle.ui-testing";
		};
/* End PBXNativeTarget section */

/* Begin PBXProject section */
		FAA470D527E298AE0039DC52 /* Project object */ = {
			isa = PBXProject;
			attributes = {
				BuildIndependentTargetsInParallel = 1;
				LastSwiftUpdateCheck = 1330;
				LastUpgradeCheck = 1330;
				TargetAttributes = {
					FAA470DC27E298AE0039DC52 = {
						CreatedOnToolsVersion = 13.3;
					};
					FAA470F227E298AF0039DC52 = {
						CreatedOnToolsVersion = 13.3;
						TestTargetID = FAA470DC27E298AE0039DC52;
					};
					FAA470FC27E298AF0039DC52 = {
						CreatedOnToolsVersion = 13.3;
						TestTargetID = FAA470DC27E298AE0039DC52;
					};
				};
			};
			buildConfigurationList = FAA470D827E298AE0039DC52 /* Build configuration list for PBXProject "AussieNews" */;
			compatibilityVersion = "Xcode 13.0";
			developmentRegion = en;
			hasScannedForEncodings = 0;
			knownRegions = (
				en,
				Base,
			);
			mainGroup = FAA470D427E298AE0039DC52;
			productRefGroup = FAA470DE27E298AE0039DC52 /* Products */;
			projectDirPath = "";
			projectRoot = "";
			targets = (
				FAA470DC27E298AE0039DC52 /* AussieNews */,
				FAA470F227E298AF0039DC52 /* AussieNewsTests */,
				FAA470FC27E298AF0039DC52 /* AussieNewsUITests */,
			);
		};
/* End PBXProject section */

/* Begin PBXResourcesBuildPhase section */
		FAA470DB27E298AE0039DC52 /* Resources */ = {
			isa = PBXResourcesBuildPhase;
			buildActionMask = 2147483647;
			files = (
				FAA470EA27E298AF0039DC52 /* Assets.xcassets in Resources */,
				FA7E121E27E2E8E900E2D94C /* LaunchScreen.storyboard in Resources */,
			);
			runOnlyForDeploymentPostprocessing = 0;
		};
		FAA470F127E298AF0039DC52 /* Resources */ = {
			isa = PBXResourcesBuildPhase;
			buildActionMask = 2147483647;
			files = (
			);
			runOnlyForDeploymentPostprocessing = 0;
		};
		FAA470FB27E298AF0039DC52 /* Resources */ = {
			isa = PBXResourcesBuildPhase;
			buildActionMask = 2147483647;
			files = (
			);
			runOnlyForDeploymentPostprocessing = 0;
		};
/* End PBXResourcesBuildPhase section */

/* Begin PBXSourcesBuildPhase section */
		FAA470D927E298AE0039DC52 /* Sources */ = {
			isa = PBXSourcesBuildPhase;
			buildActionMask = 2147483647;
			files = (
				FAAE9B5127F2C83C00918996 /* TopicVC.swift in Sources */,
				FA7E122027E4311F00E2D94C /* bigHomeCell.swift in Sources */,
				FAAE9B5927FBF5E400918996 /* SettingsFooterView.swift in Sources */,
				FAAE9B4A27F2AD6800918996 /* LoadingPageView.swift in Sources */,
				FACE42B527ED50D50057772F /* CustomLabel.swift in Sources */,
				FA7E123527E81EDC00E2D94C /* BookMarkEmptyState.swift in Sources */,
				FA7E123227E8069000E2D94C /* UICollectionViewLayout.swift in Sources */,
				FA7E124D27EA7B4600E2D94C /* TrendingCategoryVC.swift in Sources */,
				FAAE9B4D27F2B83200918996 /* CustomViewController.swift in Sources */,
				FAAE9B4527F2987100918996 /* SafariProtocol.swift in Sources */,
				FA7E122E27E494C200E2D94C /* CollectionViewCell.swift in Sources */,
				FAA470E527E298AE0039DC52 /* HomeVC.swift in Sources */,
				FA7E123027E7FB0500E2D94C /* CustomButton.swift in Sources */,
				FA7E123C27E845C300E2D94C /* CategoriesVC.swift in Sources */,
				FACE42B327EC276E0057772F /* UserDefaultsFuncs.swift in Sources */,
				FACE42B127EBF1090057772F /* TrendingButtonView.swift in Sources */,
				FA7E122627E436C100E2D94C /* View + Ext.swift in Sources */,
				FAA4711127E2A11B0039DC52 /* TabBarController.swift in Sources */,
				FAA4711327E2DAB70039DC52 /* SavedVC.swift in Sources */,
				FA7E124527E92D3A00E2D94C /* NewsManager.swift in Sources */,
				FA7E125027EA9E3700E2D94C /* TrendingView.swift in Sources */,
				FA7E124927E96C2B00E2D94C /* CustomImageView.swift in Sources */,
				FAAE9B4327F2725E00918996 /* smallHomeCell.swift in Sources */,
				FA7E123A27E8405000E2D94C /* SearchVC.swift in Sources */,
				FACE42B727F165C50057772F /* UIViewController + Ext.swift in Sources */,
				FAAE9B5527FBF58A00918996 /* SettingsSegmentCell.swift in Sources */,
				FAAE9B5327FBE1B400918996 /* SettingsSocialCell.swift in Sources */,
				FA7E124727E92E3400E2D94C /* NewsErrors.swift in Sources */,
				FA7E124B27E96E1700E2D94C /* Constants.swift in Sources */,
				FAA470E127E298AE0039DC52 /* AppDelegate.swift in Sources */,
				FA7E124327E9283800E2D94C /* Articles.swift in Sources */,
				FAA470E327E298AE0039DC52 /* SceneDelegate.swift in Sources */,
				FAAE9B5727FBF5D000918996 /* SettingsTintCell.swift in Sources */,
				FA7E123E27E847F300E2D94C /* SettingsVC.swift in Sources */,
			);
			runOnlyForDeploymentPostprocessing = 0;
		};
		FAA470EF27E298AF0039DC52 /* Sources */ = {
			isa = PBXSourcesBuildPhase;
			buildActionMask = 2147483647;
			files = (
				FAA470F827E298AF0039DC52 /* AussieNewsTests.swift in Sources */,
			);
			runOnlyForDeploymentPostprocessing = 0;
		};
		FAA470F927E298AF0039DC52 /* Sources */ = {
			isa = PBXSourcesBuildPhase;
			buildActionMask = 2147483647;
			files = (
				FAA4710227E298AF0039DC52 /* AussieNewsUITests.swift in Sources */,
				FAA4710427E298AF0039DC52 /* AussieNewsUITestsLaunchTests.swift in Sources */,
			);
			runOnlyForDeploymentPostprocessing = 0;
		};
/* End PBXSourcesBuildPhase section */

/* Begin PBXTargetDependency section */
		FAA470F527E298AF0039DC52 /* PBXTargetDependency */ = {
			isa = PBXTargetDependency;
			target = FAA470DC27E298AE0039DC52 /* AussieNews */;
			targetProxy = FAA470F427E298AF0039DC52 /* PBXContainerItemProxy */;
		};
		FAA470FF27E298AF0039DC52 /* PBXTargetDependency */ = {
			isa = PBXTargetDependency;
			target = FAA470DC27E298AE0039DC52 /* AussieNews */;
			targetProxy = FAA470FE27E298AF0039DC52 /* PBXContainerItemProxy */;
		};
/* End PBXTargetDependency section */

/* Begin XCBuildConfiguration section */
		FAA4710527E298AF0039DC52 /* Debug */ = {
			isa = XCBuildConfiguration;
			buildSettings = {
				ALWAYS_SEARCH_USER_PATHS = NO;
				CLANG_ANALYZER_NONNULL = YES;
				CLANG_ANALYZER_NUMBER_OBJECT_CONVERSION = YES_AGGRESSIVE;
				CLANG_CXX_LANGUAGE_STANDARD = "gnu++17";
				CLANG_ENABLE_MODULES = YES;
				CLANG_ENABLE_OBJC_ARC = YES;
				CLANG_ENABLE_OBJC_WEAK = YES;
				CLANG_WARN_BLOCK_CAPTURE_AUTORELEASING = YES;
				CLANG_WARN_BOOL_CONVERSION = YES;
				CLANG_WARN_COMMA = YES;
				CLANG_WARN_CONSTANT_CONVERSION = YES;
				CLANG_WARN_DEPRECATED_OBJC_IMPLEMENTATIONS = YES;
				CLANG_WARN_DIRECT_OBJC_ISA_USAGE = YES_ERROR;
				CLANG_WARN_DOCUMENTATION_COMMENTS = YES;
				CLANG_WARN_EMPTY_BODY = YES;
				CLANG_WARN_ENUM_CONVERSION = YES;
				CLANG_WARN_INFINITE_RECURSION = YES;
				CLANG_WARN_INT_CONVERSION = YES;
				CLANG_WARN_NON_LITERAL_NULL_CONVERSION = YES;
				CLANG_WARN_OBJC_IMPLICIT_RETAIN_SELF = YES;
				CLANG_WARN_OBJC_LITERAL_CONVERSION = YES;
				CLANG_WARN_OBJC_ROOT_CLASS = YES_ERROR;
				CLANG_WARN_QUOTED_INCLUDE_IN_FRAMEWORK_HEADER = YES;
				CLANG_WARN_RANGE_LOOP_ANALYSIS = YES;
				CLANG_WARN_STRICT_PROTOTYPES = YES;
				CLANG_WARN_SUSPICIOUS_MOVE = YES;
				CLANG_WARN_UNGUARDED_AVAILABILITY = YES_AGGRESSIVE;
				CLANG_WARN_UNREACHABLE_CODE = YES;
				CLANG_WARN__DUPLICATE_METHOD_MATCH = YES;
				COPY_PHASE_STRIP = NO;
				DEBUG_INFORMATION_FORMAT = dwarf;
				ENABLE_STRICT_OBJC_MSGSEND = YES;
				ENABLE_TESTABILITY = YES;
				GCC_C_LANGUAGE_STANDARD = gnu11;
				GCC_DYNAMIC_NO_PIC = NO;
				GCC_NO_COMMON_BLOCKS = YES;
				GCC_OPTIMIZATION_LEVEL = 0;
				GCC_PREPROCESSOR_DEFINITIONS = (
					"DEBUG=1",
					"$(inherited)",
				);
				GCC_WARN_64_TO_32_BIT_CONVERSION = YES;
				GCC_WARN_ABOUT_RETURN_TYPE = YES_ERROR;
				GCC_WARN_UNDECLARED_SELECTOR = YES;
				GCC_WARN_UNINITIALIZED_AUTOS = YES_AGGRESSIVE;
				GCC_WARN_UNUSED_FUNCTION = YES;
				GCC_WARN_UNUSED_VARIABLE = YES;
				IPHONEOS_DEPLOYMENT_TARGET = 15.4;
				MTL_ENABLE_DEBUG_INFO = INCLUDE_SOURCE;
				MTL_FAST_MATH = YES;
				ONLY_ACTIVE_ARCH = YES;
				SDKROOT = iphoneos;
				SWIFT_ACTIVE_COMPILATION_CONDITIONS = DEBUG;
				SWIFT_OPTIMIZATION_LEVEL = "-Onone";
			};
			name = Debug;
		};
		FAA4710627E298AF0039DC52 /* Release */ = {
			isa = XCBuildConfiguration;
			buildSettings = {
				ALWAYS_SEARCH_USER_PATHS = NO;
				CLANG_ANALYZER_NONNULL = YES;
				CLANG_ANALYZER_NUMBER_OBJECT_CONVERSION = YES_AGGRESSIVE;
				CLANG_CXX_LANGUAGE_STANDARD = "gnu++17";
				CLANG_ENABLE_MODULES = YES;
				CLANG_ENABLE_OBJC_ARC = YES;
				CLANG_ENABLE_OBJC_WEAK = YES;
				CLANG_WARN_BLOCK_CAPTURE_AUTORELEASING = YES;
				CLANG_WARN_BOOL_CONVERSION = YES;
				CLANG_WARN_COMMA = YES;
				CLANG_WARN_CONSTANT_CONVERSION = YES;
				CLANG_WARN_DEPRECATED_OBJC_IMPLEMENTATIONS = YES;
				CLANG_WARN_DIRECT_OBJC_ISA_USAGE = YES_ERROR;
				CLANG_WARN_DOCUMENTATION_COMMENTS = YES;
				CLANG_WARN_EMPTY_BODY = YES;
				CLANG_WARN_ENUM_CONVERSION = YES;
				CLANG_WARN_INFINITE_RECURSION = YES;
				CLANG_WARN_INT_CONVERSION = YES;
				CLANG_WARN_NON_LITERAL_NULL_CONVERSION = YES;
				CLANG_WARN_OBJC_IMPLICIT_RETAIN_SELF = YES;
				CLANG_WARN_OBJC_LITERAL_CONVERSION = YES;
				CLANG_WARN_OBJC_ROOT_CLASS = YES_ERROR;
				CLANG_WARN_QUOTED_INCLUDE_IN_FRAMEWORK_HEADER = YES;
				CLANG_WARN_RANGE_LOOP_ANALYSIS = YES;
				CLANG_WARN_STRICT_PROTOTYPES = YES;
				CLANG_WARN_SUSPICIOUS_MOVE = YES;
				CLANG_WARN_UNGUARDED_AVAILABILITY = YES_AGGRESSIVE;
				CLANG_WARN_UNREACHABLE_CODE = YES;
				CLANG_WARN__DUPLICATE_METHOD_MATCH = YES;
				COPY_PHASE_STRIP = NO;
				DEBUG_INFORMATION_FORMAT = "dwarf-with-dsym";
				ENABLE_NS_ASSERTIONS = NO;
				ENABLE_STRICT_OBJC_MSGSEND = YES;
				GCC_C_LANGUAGE_STANDARD = gnu11;
				GCC_NO_COMMON_BLOCKS = YES;
				GCC_WARN_64_TO_32_BIT_CONVERSION = YES;
				GCC_WARN_ABOUT_RETURN_TYPE = YES_ERROR;
				GCC_WARN_UNDECLARED_SELECTOR = YES;
				GCC_WARN_UNINITIALIZED_AUTOS = YES_AGGRESSIVE;
				GCC_WARN_UNUSED_FUNCTION = YES;
				GCC_WARN_UNUSED_VARIABLE = YES;
				IPHONEOS_DEPLOYMENT_TARGET = 15.4;
				MTL_ENABLE_DEBUG_INFO = NO;
				MTL_FAST_MATH = YES;
				SDKROOT = iphoneos;
				SWIFT_COMPILATION_MODE = wholemodule;
				SWIFT_OPTIMIZATION_LEVEL = "-O";
				VALIDATE_PRODUCT = YES;
			};
			name = Release;
		};
		FAA4710827E298AF0039DC52 /* Debug */ = {
			isa = XCBuildConfiguration;
			buildSettings = {
				ASSETCATALOG_COMPILER_APPICON_NAME = AppIcon;
				ASSETCATALOG_COMPILER_GLOBAL_ACCENT_COLOR_NAME = AccentColor;
				CODE_SIGN_STYLE = Automatic;
				CURRENT_PROJECT_VERSION = 1;
				DEVELOPMENT_TEAM = R8V696537A;
				GENERATE_INFOPLIST_FILE = YES;
				INFOPLIST_FILE = AussieNews/Info.plist;
				INFOPLIST_KEY_UIApplicationSupportsIndirectInputEvents = YES;
				INFOPLIST_KEY_UISupportedInterfaceOrientations_iPad = "UIInterfaceOrientationPortrait UIInterfaceOrientationPortraitUpsideDown UIInterfaceOrientationLandscapeLeft UIInterfaceOrientationLandscapeRight";
				INFOPLIST_KEY_UISupportedInterfaceOrientations_iPhone = "UIInterfaceOrientationPortrait UIInterfaceOrientationLandscapeLeft UIInterfaceOrientationLandscapeRight";
				LD_RUNPATH_SEARCH_PATHS = (
					"$(inherited)",
					"@executable_path/Frameworks",
				);
				MARKETING_VERSION = 1.0;
				PRODUCT_BUNDLE_IDENTIFIER = com.AlexThompsonDevelopment.AussieNews.AussieNews;
				PRODUCT_NAME = "$(TARGET_NAME)";
				SWIFT_EMIT_LOC_STRINGS = YES;
				SWIFT_VERSION = 5.0;
				TARGETED_DEVICE_FAMILY = "1,2";
			};
			name = Debug;
		};
		FAA4710927E298AF0039DC52 /* Release */ = {
			isa = XCBuildConfiguration;
			buildSettings = {
				ASSETCATALOG_COMPILER_APPICON_NAME = AppIcon;
				ASSETCATALOG_COMPILER_GLOBAL_ACCENT_COLOR_NAME = AccentColor;
				CODE_SIGN_STYLE = Automatic;
				CURRENT_PROJECT_VERSION = 1;
				DEVELOPMENT_TEAM = R8V696537A;
				GENERATE_INFOPLIST_FILE = YES;
				INFOPLIST_FILE = AussieNews/Info.plist;
				INFOPLIST_KEY_UIApplicationSupportsIndirectInputEvents = YES;
				INFOPLIST_KEY_UISupportedInterfaceOrientations_iPad = "UIInterfaceOrientationPortrait UIInterfaceOrientationPortraitUpsideDown UIInterfaceOrientationLandscapeLeft UIInterfaceOrientationLandscapeRight";
				INFOPLIST_KEY_UISupportedInterfaceOrientations_iPhone = "UIInterfaceOrientationPortrait UIInterfaceOrientationLandscapeLeft UIInterfaceOrientationLandscapeRight";
				LD_RUNPATH_SEARCH_PATHS = (
					"$(inherited)",
					"@executable_path/Frameworks",
				);
				MARKETING_VERSION = 1.0;
				PRODUCT_BUNDLE_IDENTIFIER = com.AlexThompsonDevelopment.AussieNews.AussieNews;
				PRODUCT_NAME = "$(TARGET_NAME)";
				SWIFT_EMIT_LOC_STRINGS = YES;
				SWIFT_VERSION = 5.0;
				TARGETED_DEVICE_FAMILY = "1,2";
			};
			name = Release;
		};
		FAA4710B27E298AF0039DC52 /* Debug */ = {
			isa = XCBuildConfiguration;
			buildSettings = {
				ALWAYS_EMBED_SWIFT_STANDARD_LIBRARIES = YES;
				BUNDLE_LOADER = "$(TEST_HOST)";
				CODE_SIGN_STYLE = Automatic;
				CURRENT_PROJECT_VERSION = 1;
				DEVELOPMENT_TEAM = R8V696537A;
				GENERATE_INFOPLIST_FILE = YES;
				IPHONEOS_DEPLOYMENT_TARGET = 15.4;
				MARKETING_VERSION = 1.0;
				PRODUCT_BUNDLE_IDENTIFIER = com.AlexThompsonDevelopment.AussieNews.AussieNewsTests;
				PRODUCT_NAME = "$(TARGET_NAME)";
				SWIFT_EMIT_LOC_STRINGS = NO;
				SWIFT_VERSION = 5.0;
				TARGETED_DEVICE_FAMILY = "1,2";
				TEST_HOST = "$(BUILT_PRODUCTS_DIR)/AussieNews.app/AussieNews";
			};
			name = Debug;
		};
		FAA4710C27E298AF0039DC52 /* Release */ = {
			isa = XCBuildConfiguration;
			buildSettings = {
				ALWAYS_EMBED_SWIFT_STANDARD_LIBRARIES = YES;
				BUNDLE_LOADER = "$(TEST_HOST)";
				CODE_SIGN_STYLE = Automatic;
				CURRENT_PROJECT_VERSION = 1;
				DEVELOPMENT_TEAM = R8V696537A;
				GENERATE_INFOPLIST_FILE = YES;
				IPHONEOS_DEPLOYMENT_TARGET = 15.4;
				MARKETING_VERSION = 1.0;
				PRODUCT_BUNDLE_IDENTIFIER = com.AlexThompsonDevelopment.AussieNews.AussieNewsTests;
				PRODUCT_NAME = "$(TARGET_NAME)";
				SWIFT_EMIT_LOC_STRINGS = NO;
				SWIFT_VERSION = 5.0;
				TARGETED_DEVICE_FAMILY = "1,2";
				TEST_HOST = "$(BUILT_PRODUCTS_DIR)/AussieNews.app/AussieNews";
			};
			name = Release;
		};
		FAA4710E27E298AF0039DC52 /* Debug */ = {
			isa = XCBuildConfiguration;
			buildSettings = {
				ALWAYS_EMBED_SWIFT_STANDARD_LIBRARIES = YES;
				CODE_SIGN_STYLE = Automatic;
				CURRENT_PROJECT_VERSION = 1;
				DEVELOPMENT_TEAM = R8V696537A;
				GENERATE_INFOPLIST_FILE = YES;
				MARKETING_VERSION = 1.0;
				PRODUCT_BUNDLE_IDENTIFIER = com.AlexThompsonDevelopment.AussieNews.AussieNewsUITests;
				PRODUCT_NAME = "$(TARGET_NAME)";
				SWIFT_EMIT_LOC_STRINGS = NO;
				SWIFT_VERSION = 5.0;
				TARGETED_DEVICE_FAMILY = "1,2";
				TEST_TARGET_NAME = AussieNews;
			};
			name = Debug;
		};
		FAA4710F27E298AF0039DC52 /* Release */ = {
			isa = XCBuildConfiguration;
			buildSettings = {
				ALWAYS_EMBED_SWIFT_STANDARD_LIBRARIES = YES;
				CODE_SIGN_STYLE = Automatic;
				CURRENT_PROJECT_VERSION = 1;
				DEVELOPMENT_TEAM = R8V696537A;
				GENERATE_INFOPLIST_FILE = YES;
				MARKETING_VERSION = 1.0;
				PRODUCT_BUNDLE_IDENTIFIER = com.AlexThompsonDevelopment.AussieNews.AussieNewsUITests;
				PRODUCT_NAME = "$(TARGET_NAME)";
				SWIFT_EMIT_LOC_STRINGS = NO;
				SWIFT_VERSION = 5.0;
				TARGETED_DEVICE_FAMILY = "1,2";
				TEST_TARGET_NAME = AussieNews;
			};
			name = Release;
		};
/* End XCBuildConfiguration section */

/* Begin XCConfigurationList section */
		FAA470D827E298AE0039DC52 /* Build configuration list for PBXProject "AussieNews" */ = {
			isa = XCConfigurationList;
			buildConfigurations = (
				FAA4710527E298AF0039DC52 /* Debug */,
				FAA4710627E298AF0039DC52 /* Release */,
			);
			defaultConfigurationIsVisible = 0;
			defaultConfigurationName = Release;
		};
		FAA4710727E298AF0039DC52 /* Build configuration list for PBXNativeTarget "AussieNews" */ = {
			isa = XCConfigurationList;
			buildConfigurations = (
				FAA4710827E298AF0039DC52 /* Debug */,
				FAA4710927E298AF0039DC52 /* Release */,
			);
			defaultConfigurationIsVisible = 0;
			defaultConfigurationName = Release;
		};
		FAA4710A27E298AF0039DC52 /* Build configuration list for PBXNativeTarget "AussieNewsTests" */ = {
			isa = XCConfigurationList;
			buildConfigurations = (
				FAA4710B27E298AF0039DC52 /* Debug */,
				FAA4710C27E298AF0039DC52 /* Release */,
			);
			defaultConfigurationIsVisible = 0;
			defaultConfigurationName = Release;
		};
		FAA4710D27E298AF0039DC52 /* Build configuration list for PBXNativeTarget "AussieNewsUITests" */ = {
			isa = XCConfigurationList;
			buildConfigurations = (
				FAA4710E27E298AF0039DC52 /* Debug */,
				FAA4710F27E298AF0039DC52 /* Release */,
			);
			defaultConfigurationIsVisible = 0;
			defaultConfigurationName = Release;
		};
/* End XCConfigurationList section */
	};
	rootObject = FAA470D527E298AE0039DC52 /* Project object */;
}
